# Generated by buf. DO NOT EDIT.
version: v1
deps:
  - remote: buf.build
    owner: acme
    repository: paymentapis
    branch: main
    commit: 6e230f46113f498392c82d12b1a07b70
    digest: b1-kURgwJ5BZi3AM654TkWMArHoktwHiQEDo_1goLg6tLE=
    create_time: 2021-08-17T18:17:47.225022Z
  - remote: buf.build
    owner: googleapis
    repository: googleapis
    branch: main
    commit: 84c3cad756d2435982d9e3b72680fa96
    digest: b1-GVZocI28gwtZCKNAO4Jd83jaE_XMjcAuEBtjnWvybO0=
    create_time: 2021-08-17T15:06:58.03881Z
