# Generated by buf. DO NOT EDIT.
version: v1
deps:
  - remote: buf.build
    owner: acme
    repository: paymentapis
    branch: main
    commit: 2675d6a595ac4e0fb45cedc62edfc611
    digest: b1-YeIuCGn0YrzxK1BZKOo3zCC5t0BloxMzg_m4XSN9Q_k=
    create_time: 2021-08-12T18:05:38.055538Z
  - remote: buf.build
    owner: googleapis
    repository: googleapis
    branch: main
    commit: 4c646e03d3f240c7adee783061d00ff6
    digest: b1-KgltUGRRcmgG_U2MlDUMv3MmnTEdKdEJszcRTYSBj-k=
    create_time: 2021-08-09T14:21:27.570209Z
